
Microsoft Visual Studio Solution File, Format Version 12.00
# Visual Studio Version 16
VisualStudioVersion = 16.0.31005.135
MinimumVisualStudioVersion = 10.0.40219.1
Project("{FAE04EC0-301F-11D3-BF4B-00C04F79EFBC}") = "exercize-2-3", "exercize-2-3.csproj", "{A63DBFEE-32BC-467F-A78B-35D179E94ED7}"
EndProject
Global
	GlobalSection(SolutionConfigurationPlatforms) = preSolution
		Debug|Any CPU = Debug|Any CPU
		Release|Any CPU = Release|Any CPU
	EndGlobalSection
	GlobalSection(ProjectConfigurationPlatforms) = postSolution
		{A63DBFEE-32BC-467F-A78B-35D179E94ED7}.Debug|Any CPU.ActiveCfg = Debug|Any CPU
		{A63DBFEE-32BC-467F-A78B-35D179E94ED7}.Debug|Any CPU.Build.0 = Debug|Any CPU
		{A63DBFEE-32BC-467F-A78B-35D179E94ED7}.Release|Any CPU.ActiveCfg = Release|Any CPU
		{A63DBFEE-32BC-467F-A78B-35D179E94ED7}.Release|Any CPU.Build.0 = Release|Any CPU
	EndGlobalSection
	GlobalSection(SolutionProperties) = preSolution
		HideSolutionNode = FALSE
	EndGlobalSection
	GlobalSection(ExtensibilityGlobals) = postSolution
		SolutionGuid = {B710CF3F-C8C3-40AA-A0FB-3A2EF618200A}
	EndGlobalSection
EndGlobal
