
Microsoft Visual Studio Solution File, Format Version 12.00
# Visual Studio Version 16
VisualStudioVersion = 16.0.31105.61
MinimumVisualStudioVersion = 10.0.40219.1
Project("{FAE04EC0-301F-11D3-BF4B-00C04F79EFBC}") = "Exercise-6-1", "Exercise-6-1.csproj", "{E033BDAF-44EE-4763-A11C-83CAEC992C40}"
EndProject
Global
	GlobalSection(SolutionConfigurationPlatforms) = preSolution
		Debug|Any CPU = Debug|Any CPU
		Release|Any CPU = Release|Any CPU
	EndGlobalSection
	GlobalSection(ProjectConfigurationPlatforms) = postSolution
		{E033BDAF-44EE-4763-A11C-83CAEC992C40}.Debug|Any CPU.ActiveCfg = Debug|Any CPU
		{E033BDAF-44EE-4763-A11C-83CAEC992C40}.Debug|Any CPU.Build.0 = Debug|Any CPU
		{E033BDAF-44EE-4763-A11C-83CAEC992C40}.Release|Any CPU.ActiveCfg = Release|Any CPU
		{E033BDAF-44EE-4763-A11C-83CAEC992C40}.Release|Any CPU.Build.0 = Release|Any CPU
	EndGlobalSection
	GlobalSection(SolutionProperties) = preSolution
		HideSolutionNode = FALSE
	EndGlobalSection
	GlobalSection(ExtensibilityGlobals) = postSolution
		SolutionGuid = {CA96C1A0-90AA-481D-B174-5E0F21487A17}
	EndGlobalSection
EndGlobal
