
Microsoft Visual Studio Solution File, Format Version 12.00
# Visual Studio Version 16
VisualStudioVersion = 16.0.31005.135
MinimumVisualStudioVersion = 10.0.40219.1
Project("{FAE04EC0-301F-11D3-BF4B-00C04F79EFBC}") = "exercize-2-6", "exercize-2-6.csproj", "{2949737E-FB47-4235-90F9-7C3F9908EE7E}"
EndProject
Global
	GlobalSection(SolutionConfigurationPlatforms) = preSolution
		Debug|Any CPU = Debug|Any CPU
		Release|Any CPU = Release|Any CPU
	EndGlobalSection
	GlobalSection(ProjectConfigurationPlatforms) = postSolution
		{2949737E-FB47-4235-90F9-7C3F9908EE7E}.Debug|Any CPU.ActiveCfg = Debug|Any CPU
		{2949737E-FB47-4235-90F9-7C3F9908EE7E}.Debug|Any CPU.Build.0 = Debug|Any CPU
		{2949737E-FB47-4235-90F9-7C3F9908EE7E}.Release|Any CPU.ActiveCfg = Release|Any CPU
		{2949737E-FB47-4235-90F9-7C3F9908EE7E}.Release|Any CPU.Build.0 = Release|Any CPU
	EndGlobalSection
	GlobalSection(SolutionProperties) = preSolution
		HideSolutionNode = FALSE
	EndGlobalSection
	GlobalSection(ExtensibilityGlobals) = postSolution
		SolutionGuid = {197B75FF-7B30-4855-BB9D-6A38914A7D96}
	EndGlobalSection
EndGlobal
