
Microsoft Visual Studio Solution File, Format Version 12.00
# Visual Studio Version 16
VisualStudioVersion = 16.0.31019.35
MinimumVisualStudioVersion = 10.0.40219.1
Project("{FAE04EC0-301F-11D3-BF4B-00C04F79EFBC}") = "Exercise-3-2", "Exercise-3-2.csproj", "{16CFE3D0-EDB2-43B7-888F-0656EF69DE27}"
EndProject
Global
	GlobalSection(SolutionConfigurationPlatforms) = preSolution
		Debug|Any CPU = Debug|Any CPU
		Release|Any CPU = Release|Any CPU
	EndGlobalSection
	GlobalSection(ProjectConfigurationPlatforms) = postSolution
		{16CFE3D0-EDB2-43B7-888F-0656EF69DE27}.Debug|Any CPU.ActiveCfg = Debug|Any CPU
		{16CFE3D0-EDB2-43B7-888F-0656EF69DE27}.Debug|Any CPU.Build.0 = Debug|Any CPU
		{16CFE3D0-EDB2-43B7-888F-0656EF69DE27}.Release|Any CPU.ActiveCfg = Release|Any CPU
		{16CFE3D0-EDB2-43B7-888F-0656EF69DE27}.Release|Any CPU.Build.0 = Release|Any CPU
	EndGlobalSection
	GlobalSection(SolutionProperties) = preSolution
		HideSolutionNode = FALSE
	EndGlobalSection
	GlobalSection(ExtensibilityGlobals) = postSolution
		SolutionGuid = {F2066B0C-8D52-4645-89FC-461822FA9BB7}
	EndGlobalSection
EndGlobal
