
Microsoft Visual Studio Solution File, Format Version 12.00
# Visual Studio Version 17
VisualStudioVersion = 17.0.32112.339
MinimumVisualStudioVersion = 10.0.40219.1
Project("{FAE04EC0-301F-11D3-BF4B-00C04F79EFBC}") = "CardService", "CardService.csproj", "{2BBAA05E-ADA7-43DE-9A06-8E7BBBA46667}"
EndProject
Global
	GlobalSection(SolutionConfigurationPlatforms) = preSolution
		Debug|Any CPU = Debug|Any CPU
		Release|Any CPU = Release|Any CPU
	EndGlobalSection
	GlobalSection(ProjectConfigurationPlatforms) = postSolution
		{2BBAA05E-ADA7-43DE-9A06-8E7BBBA46667}.Debug|Any CPU.ActiveCfg = Debug|Any CPU
		{2BBAA05E-ADA7-43DE-9A06-8E7BBBA46667}.Debug|Any CPU.Build.0 = Debug|Any CPU
		{2BBAA05E-ADA7-43DE-9A06-8E7BBBA46667}.Release|Any CPU.ActiveCfg = Release|Any CPU
		{2BBAA05E-ADA7-43DE-9A06-8E7BBBA46667}.Release|Any CPU.Build.0 = Release|Any CPU
	EndGlobalSection
	GlobalSection(SolutionProperties) = preSolution
		HideSolutionNode = FALSE
	EndGlobalSection
	GlobalSection(ExtensibilityGlobals) = postSolution
		SolutionGuid = {13A1CE6E-EE3A-450C-A7AB-3E8ED0FFA5F3}
	EndGlobalSection
EndGlobal
